
Microsoft Visual Studio Solution File, Format Version 12.00
# Visual Studio 15
VisualStudioVersion = 15.0.28307.1062
MinimumVisualStudioVersion = 10.0.40219.1
Project("{F184B08F-C81C-45F6-A57F-5ABD9991F28F}") = "SeriLogSample", "SeriLogSample\SeriLogSample.vbproj", "{0199656D-EC91-4051-A5AA-F400BBFFAA9F}"
EndProject
Global
	GlobalSection(SolutionConfigurationPlatforms) = preSolution
		Debug|Any CPU = Debug|Any CPU
		Release|Any CPU = Release|Any CPU
	EndGlobalSection
	GlobalSection(ProjectConfigurationPlatforms) = postSolution
		{0199656D-EC91-4051-A5AA-F400BBFFAA9F}.Debug|Any CPU.ActiveCfg = Debug|Any CPU
		{0199656D-EC91-4051-A5AA-F400BBFFAA9F}.Debug|Any CPU.Build.0 = Debug|Any CPU
		{0199656D-EC91-4051-A5AA-F400BBFFAA9F}.Release|Any CPU.ActiveCfg = Release|Any CPU
		{0199656D-EC91-4051-A5AA-F400BBFFAA9F}.Release|Any CPU.Build.0 = Release|Any CPU
	EndGlobalSection
	GlobalSection(SolutionProperties) = preSolution
		HideSolutionNode = FALSE
	EndGlobalSection
	GlobalSection(ExtensibilityGlobals) = postSolution
		SolutionGuid = {328975F8-38BD-4BCC-A0DA-7EF1FF955C7C}
	EndGlobalSection
EndGlobal
